
Microsoft Visual Studio Solution File, Format Version 12.00
# Visual Studio Version 16
VisualStudioVersion = 16.0.810.16
MinimumVisualStudioVersion = 10.0.40219.1
Project("{FAE04EC0-301F-11D3-BF4B-00C04F79EFBC}") = "mission2assignment", "mission2assignment\mission2assignment.csproj", "{873E6D56-FFCB-4BEA-996D-F8EEF9EDD805}"
EndProject
Global
	GlobalSection(SolutionConfigurationPlatforms) = preSolution
		Debug|Any CPU = Debug|Any CPU
		Release|Any CPU = Release|Any CPU
	EndGlobalSection
	GlobalSection(ProjectConfigurationPlatforms) = postSolution
		{873E6D56-FFCB-4BEA-996D-F8EEF9EDD805}.Debug|Any CPU.ActiveCfg = Debug|Any CPU
		{873E6D56-FFCB-4BEA-996D-F8EEF9EDD805}.Debug|Any CPU.Build.0 = Debug|Any CPU
		{873E6D56-FFCB-4BEA-996D-F8EEF9EDD805}.Release|Any CPU.ActiveCfg = Release|Any CPU
		{873E6D56-FFCB-4BEA-996D-F8EEF9EDD805}.Release|Any CPU.Build.0 = Release|Any CPU
	EndGlobalSection
	GlobalSection(SolutionProperties) = preSolution
		HideSolutionNode = FALSE
	EndGlobalSection
	GlobalSection(ExtensibilityGlobals) = postSolution
		SolutionGuid = {4735A307-C153-41AE-B4B9-280EB1F44543}
	EndGlobalSection
EndGlobal
